// !$*UTF8*$!
{
	archiveVersion = 1;
	classes = {
	};
	objectVersion = 48;
	objects = {

/* Begin PBXBuildFile section */
		7002027420693DDD00C4E17B /* AppDelegate.swift in Sources */ = {isa = PBXBuildFile; fileRef = 7002027320693DDD00C4E17B /* AppDelegate.swift */; };
		7002027920693DDD00C4E17B /* Main.storyboard in Resources */ = {isa = PBXBuildFile; fileRef = 7002027720693DDD00C4E17B /* Main.storyboard */; };
		7002027C20693DDD00C4E17B /* MemoryGame.xcdatamodeld in Sources */ = {isa = PBXBuildFile; fileRef = 7002027A20693DDD00C4E17B /* MemoryGame.xcdatamodeld */; };
		7002027E20693DDD00C4E17B /* Assets.xcassets in Resources */ = {isa = PBXBuildFile; fileRef = 7002027D20693DDD00C4E17B /* Assets.xcassets */; };
		7002028120693DDD00C4E17B /* LaunchScreen.storyboard in Resources */ = {isa = PBXBuildFile; fileRef = 7002027F20693DDD00C4E17B /* LaunchScreen.storyboard */; };
		7002028C20693DDD00C4E17B /* MemoryGameTests.swift in Sources */ = {isa = PBXBuildFile; fileRef = 7002028B20693DDD00C4E17B /* MemoryGameTests.swift */; };
		7002029720693DDD00C4E17B /* MemoryGameUITests.swift in Sources */ = {isa = PBXBuildFile; fileRef = 7002029620693DDD00C4E17B /* MemoryGameUITests.swift */; };
		7060651B2070D51E001D6FE4 /* GameBoardViewController.swift in Sources */ = {isa = PBXBuildFile; fileRef = 7060651A2070D51E001D6FE4 /* GameBoardViewController.swift */; };
		7060651D2070D7DA001D6FE4 /* EmojiCollectionViewCell.swift in Sources */ = {isa = PBXBuildFile; fileRef = 7060651C2070D7DA001D6FE4 /* EmojiCollectionViewCell.swift */; };
		7066B639207122F7006931ED /* Difficulty.swift in Sources */ = {isa = PBXBuildFile; fileRef = 7066B638207122F7006931ED /* Difficulty.swift */; };
		7066B63D20712E86006931ED /* FinishViewController.swift in Sources */ = {isa = PBXBuildFile; fileRef = 7066B63C20712E86006931ED /* FinishViewController.swift */; };
		70CEA88F2072276E00DAF868 /* MainViewController.swift in Sources */ = {isa = PBXBuildFile; fileRef = 70CEA88E2072276E00DAF868 /* MainViewController.swift */; };
		70CEA8912072280C00DAF868 /* DifficultyViewController.swift in Sources */ = {isa = PBXBuildFile; fileRef = 70CEA8902072280C00DAF868 /* DifficultyViewController.swift */; };
/* End PBXBuildFile section */

/* Begin PBXContainerItemProxy section */
		7002028820693DDD00C4E17B /* PBXContainerItemProxy */ = {
			isa = PBXContainerItemProxy;
			containerPortal = 7002026820693DDD00C4E17B /* Project object */;
			proxyType = 1;
			remoteGlobalIDString = 7002026F20693DDD00C4E17B;
			remoteInfo = MemoryGame;
		};
		7002029320693DDD00C4E17B /* PBXContainerItemProxy */ = {
			isa = PBXContainerItemProxy;
			containerPortal = 7002026820693DDD00C4E17B /* Project object */;
			proxyType = 1;
			remoteGlobalIDString = 7002026F20693DDD00C4E17B;
			remoteInfo = MemoryGame;
		};
/* End PBXContainerItemProxy section */

/* Begin PBXFileReference section */
		7002027020693DDD00C4E17B /* MemoryGame.app */ = {isa = PBXFileReference; explicitFileType = wrapper.application; includeInIndex = 0; path = MemoryGame.app; sourceTree = BUILT_PRODUCTS_DIR; };
		7002027320693DDD00C4E17B /* AppDelegate.swift */ = {isa = PBXFileReference; lastKnownFileType = sourcecode.swift; path = AppDelegate.swift; sourceTree = "<group>"; };
		7002027820693DDD00C4E17B /* Base */ = {isa = PBXFileReference; lastKnownFileType = file.storyboard; name = Base; path = Base.lproj/Main.storyboard; sourceTree = "<group>"; };
		7002027B20693DDD00C4E17B /* MemoryGame.xcdatamodel */ = {isa = PBXFileReference; lastKnownFileType = wrapper.xcdatamodel; path = MemoryGame.xcdatamodel; sourceTree = "<group>"; };
		7002027D20693DDD00C4E17B /* Assets.xcassets */ = {isa = PBXFileReference; lastKnownFileType = folder.assetcatalog; path = Assets.xcassets; sourceTree = "<group>"; };
		7002028020693DDD00C4E17B /* Base */ = {isa = PBXFileReference; lastKnownFileType = file.storyboard; name = Base; path = Base.lproj/LaunchScreen.storyboard; sourceTree = "<group>"; };
		7002028220693DDD00C4E17B /* Info.plist */ = {isa = PBXFileReference; lastKnownFileType = text.plist.xml; path = Info.plist; sourceTree = "<group>"; };
		7002028720693DDD00C4E17B /* MemoryGameTests.xctest */ = {isa = PBXFileReference; explicitFileType = wrapper.cfbundle; includeInIndex = 0; path = MemoryGameTests.xctest; sourceTree = BUILT_PRODUCTS_DIR; };
		7002028B20693DDD00C4E17B /* MemoryGameTests.swift */ = {isa = PBXFileReference; lastKnownFileType = sourcecode.swift; path = MemoryGameTests.swift; sourceTree = "<group>"; };
		7002028D20693DDD00C4E17B /* Info.plist */ = {isa = PBXFileReference; lastKnownFileType = text.plist.xml; path = Info.plist; sourceTree = "<group>"; };
		7002029220693DDD00C4E17B /* MemoryGameUITests.xctest */ = {isa = PBXFileReference; explicitFileType = wrapper.cfbundle; includeInIndex = 0; path = MemoryGameUITests.xctest; sourceTree = BUILT_PRODUCTS_DIR; };
		7002029620693DDD00C4E17B /* MemoryGameUITests.swift */ = {isa = PBXFileReference; lastKnownFileType = sourcecode.swift; path = MemoryGameUITests.swift; sourceTree = "<group>"; };
		7002029820693DDD00C4E17B /* Info.plist */ = {isa = PBXFileReference; lastKnownFileType = text.plist.xml; path = Info.plist; sourceTree = "<group>"; };
		7060651A2070D51E001D6FE4 /* GameBoardViewController.swift */ = {isa = PBXFileReference; lastKnownFileType = sourcecode.swift; path = GameBoardViewController.swift; sourceTree = "<group>"; };
		7060651C2070D7DA001D6FE4 /* EmojiCollectionViewCell.swift */ = {isa = PBXFileReference; lastKnownFileType = sourcecode.swift; path = EmojiCollectionViewCell.swift; sourceTree = "<group>"; };
		7066B638207122F7006931ED /* Difficulty.swift */ = {isa = PBXFileReference; lastKnownFileType = sourcecode.swift; path = Difficulty.swift; sourceTree = "<group>"; };
		7066B63C20712E86006931ED /* FinishViewController.swift */ = {isa = PBXFileReference; lastKnownFileType = sourcecode.swift; path = FinishViewController.swift; sourceTree = "<group>"; };
		70CEA88E2072276E00DAF868 /* MainViewController.swift */ = {isa = PBXFileReference; lastKnownFileType = sourcecode.swift; path = MainViewController.swift; sourceTree = "<group>"; };
		70CEA8902072280C00DAF868 /* DifficultyViewController.swift */ = {isa = PBXFileReference; lastKnownFileType = sourcecode.swift; path = DifficultyViewController.swift; sourceTree = "<group>"; };
/* End PBXFileReference section */

/* Begin PBXFrameworksBuildPhase section */
		7002026D20693DDD00C4E17B /* Frameworks */ = {
			isa = PBXFrameworksBuildPhase;
			buildActionMask = 2147483647;
			files = (
			);
			runOnlyForDeploymentPostprocessing = 0;
		};
		7002028420693DDD00C4E17B /* Frameworks */ = {
			isa = PBXFrameworksBuildPhase;
			buildActionMask = 2147483647;
			files = (
			);
			runOnlyForDeploymentPostprocessing = 0;
		};
		7002028F20693DDD00C4E17B /* Frameworks */ = {
			isa = PBXFrameworksBuildPhase;
			buildActionMask = 2147483647;
			files = (
			);
			runOnlyForDeploymentPostprocessing = 0;
		};
/* End PBXFrameworksBuildPhase section */

/* Begin PBXGroup section */
		7002026720693DDD00C4E17B = {
			isa = PBXGroup;
			children = (
				7002027220693DDD00C4E17B /* MemoryGame */,
				7002028A20693DDD00C4E17B /* MemoryGameTests */,
				7002029520693DDD00C4E17B /* MemoryGameUITests */,
				7002027120693DDD00C4E17B /* Products */,
			);
			sourceTree = "<group>";
		};
		7002027120693DDD00C4E17B /* Products */ = {
			isa = PBXGroup;
			children = (
				7002027020693DDD00C4E17B /* MemoryGame.app */,
				7002028720693DDD00C4E17B /* MemoryGameTests.xctest */,
				7002029220693DDD00C4E17B /* MemoryGameUITests.xctest */,
			);
			name = Products;
			sourceTree = "<group>";
		};
		7002027220693DDD00C4E17B /* MemoryGame */ = {
			isa = PBXGroup;
			children = (
				7066B638207122F7006931ED /* Difficulty.swift */,
				7002027320693DDD00C4E17B /* AppDelegate.swift */,
				7002027720693DDD00C4E17B /* Main.storyboard */,
				7060651A2070D51E001D6FE4 /* GameBoardViewController.swift */,
				7060651C2070D7DA001D6FE4 /* EmojiCollectionViewCell.swift */,
				7002027D20693DDD00C4E17B /* Assets.xcassets */,
				7002027F20693DDD00C4E17B /* LaunchScreen.storyboard */,
				7002028220693DDD00C4E17B /* Info.plist */,
				7002027A20693DDD00C4E17B /* MemoryGame.xcdatamodeld */,
				7066B63C20712E86006931ED /* FinishViewController.swift */,
				70CEA88E2072276E00DAF868 /* MainViewController.swift */,
				70CEA8902072280C00DAF868 /* DifficultyViewController.swift */,
			);
			path = MemoryGame;
			sourceTree = "<group>";
		};
		7002028A20693DDD00C4E17B /* MemoryGameTests */ = {
			isa = PBXGroup;
			children = (
				7002028B20693DDD00C4E17B /* MemoryGameTests.swift */,
				7002028D20693DDD00C4E17B /* Info.plist */,
			);
			path = MemoryGameTests;
			sourceTree = "<group>";
		};
		7002029520693DDD00C4E17B /* MemoryGameUITests */ = {
			isa = PBXGroup;
			children = (
				7002029620693DDD00C4E17B /* MemoryGameUITests.swift */,
				7002029820693DDD00C4E17B /* Info.plist */,
			);
			path = MemoryGameUITests;
			sourceTree = "<group>";
		};
/* End PBXGroup section */

/* Begin PBXNativeTarget section */
		7002026F20693DDD00C4E17B /* MemoryGame */ = {
			isa = PBXNativeTarget;
			buildConfigurationList = 7002029B20693DDD00C4E17B /* Build configuration list for PBXNativeTarget "MemoryGame" */;
			buildPhases = (
				7002026C20693DDD00C4E17B /* Sources */,
				7002026D20693DDD00C4E17B /* Frameworks */,
				7002026E20693DDD00C4E17B /* Resources */,
			);
			buildRules = (
			);
			dependencies = (
			);
			name = MemoryGame;
			productName = MemoryGame;
			productReference = 7002027020693DDD00C4E17B /* MemoryGame.app */;
			productType = "com.apple.product-type.application";
		};
		7002028620693DDD00C4E17B /* MemoryGameTests */ = {
			isa = PBXNativeTarget;
			buildConfigurationList = 7002029E20693DDD00C4E17B /* Build configuration list for PBXNativeTarget "MemoryGameTests" */;
			buildPhases = (
				7002028320693DDD00C4E17B /* Sources */,
				7002028420693DDD00C4E17B /* Frameworks */,
				7002028520693DDD00C4E17B /* Resources */,
			);
			buildRules = (
			);
			dependencies = (
				7002028920693DDD00C4E17B /* PBXTargetDependency */,
			);
			name = MemoryGameTests;
			productName = MemoryGameTests;
			productReference = 7002028720693DDD00C4E17B /* MemoryGameTests.xctest */;
			productType = "com.apple.product-type.bundle.unit-test";
		};
		7002029120693DDD00C4E17B /* MemoryGameUITests */ = {
			isa = PBXNativeTarget;
			buildConfigurationList = 700202A120693DDD00C4E17B /* Build configuration list for PBXNativeTarget "MemoryGameUITests" */;
			buildPhases = (
				7002028E20693DDD00C4E17B /* Sources */,
				7002028F20693DDD00C4E17B /* Frameworks */,
				7002029020693DDD00C4E17B /* Resources */,
			);
			buildRules = (
			);
			dependencies = (
				7002029420693DDD00C4E17B /* PBXTargetDependency */,
			);
			name = MemoryGameUITests;
			productName = MemoryGameUITests;
			productReference = 7002029220693DDD00C4E17B /* MemoryGameUITests.xctest */;
			productType = "com.apple.product-type.bundle.ui-testing";
		};
/* End PBXNativeTarget section */

/* Begin PBXProject section */
		7002026820693DDD00C4E17B /* Project object */ = {
			isa = PBXProject;
			attributes = {
				LastSwiftUpdateCheck = 0920;
				LastUpgradeCheck = 0920;
				ORGANIZATIONNAME = "Assaf Tayouri";
				TargetAttributes = {
					7002026F20693DDD00C4E17B = {
						CreatedOnToolsVersion = 9.2;
						ProvisioningStyle = Automatic;
					};
					7002028620693DDD00C4E17B = {
						CreatedOnToolsVersion = 9.2;
						ProvisioningStyle = Automatic;
						TestTargetID = 7002026F20693DDD00C4E17B;
					};
					7002029120693DDD00C4E17B = {
						CreatedOnToolsVersion = 9.2;
						ProvisioningStyle = Automatic;
						TestTargetID = 7002026F20693DDD00C4E17B;
					};
				};
			};
			buildConfigurationList = 7002026B20693DDD00C4E17B /* Build configuration list for PBXProject "MemoryGame" */;
			compatibilityVersion = "Xcode 8.0";
			developmentRegion = en;
			hasScannedForEncodings = 0;
			knownRegions = (
				en,
				Base,
			);
			mainGroup = 7002026720693DDD00C4E17B;
			productRefGroup = 7002027120693DDD00C4E17B /* Products */;
			projectDirPath = "";
			projectRoot = "";
			targets = (
				7002026F20693DDD00C4E17B /* MemoryGame */,
				7002028620693DDD00C4E17B /* MemoryGameTests */,
				7002029120693DDD00C4E17B /* MemoryGameUITests */,
			);
		};
/* End PBXProject section */

/* Begin PBXResourcesBuildPhase section */
		7002026E20693DDD00C4E17B /* Resources */ = {
			isa = PBXResourcesBuildPhase;
			buildActionMask = 2147483647;
			files = (
				7002028120693DDD00C4E17B /* LaunchScreen.storyboard in Resources */,
				7002027E20693DDD00C4E17B /* Assets.xcassets in Resources */,
				7002027920693DDD00C4E17B /* Main.storyboard in Resources */,
			);
			runOnlyForDeploymentPostprocessing = 0;
		};
		7002028520693DDD00C4E17B /* Resources */ = {
			isa = PBXResourcesBuildPhase;
			buildActionMask = 2147483647;
			files = (
			);
			runOnlyForDeploymentPostprocessing = 0;
		};
		7002029020693DDD00C4E17B /* Resources */ = {
			isa = PBXResourcesBuildPhase;
			buildActionMask = 2147483647;
			files = (
			);
			runOnlyForDeploymentPostprocessing = 0;
		};
/* End PBXResourcesBuildPhase section */

/* Begin PBXSourcesBuildPhase section */
		7002026C20693DDD00C4E17B /* Sources */ = {
			isa = PBXSourcesBuildPhase;
			buildActionMask = 2147483647;
			files = (
				7002027420693DDD00C4E17B /* AppDelegate.swift in Sources */,
				7002027C20693DDD00C4E17B /* MemoryGame.xcdatamodeld in Sources */,
				7066B639207122F7006931ED /* Difficulty.swift in Sources */,
				70CEA8912072280C00DAF868 /* DifficultyViewController.swift in Sources */,
				7066B63D20712E86006931ED /* FinishViewController.swift in Sources */,
				7060651B2070D51E001D6FE4 /* GameBoardViewController.swift in Sources */,
				7060651D2070D7DA001D6FE4 /* EmojiCollectionViewCell.swift in Sources */,
				70CEA88F2072276E00DAF868 /* MainViewController.swift in Sources */,
			);
			runOnlyForDeploymentPostprocessing = 0;
		};
		7002028320693DDD00C4E17B /* Sources */ = {
			isa = PBXSourcesBuildPhase;
			buildActionMask = 2147483647;
			files = (
				7002028C20693DDD00C4E17B /* MemoryGameTests.swift in Sources */,
			);
			runOnlyForDeploymentPostprocessing = 0;
		};
		7002028E20693DDD00C4E17B /* Sources */ = {
			isa = PBXSourcesBuildPhase;
			buildActionMask = 2147483647;
			files = (
				7002029720693DDD00C4E17B /* MemoryGameUITests.swift in Sources */,
			);
			runOnlyForDeploymentPostprocessing = 0;
		};
/* End PBXSourcesBuildPhase section */

/* Begin PBXTargetDependency section */
		7002028920693DDD00C4E17B /* PBXTargetDependency */ = {
			isa = PBXTargetDependency;
			target = 7002026F20693DDD00C4E17B /* MemoryGame */;
			targetProxy = 7002028820693DDD00C4E17B /* PBXContainerItemProxy */;
		};
		7002029420693DDD00C4E17B /* PBXTargetDependency */ = {
			isa = PBXTargetDependency;
			target = 7002026F20693DDD00C4E17B /* MemoryGame */;
			targetProxy = 7002029320693DDD00C4E17B /* PBXContainerItemProxy */;
		};
/* End PBXTargetDependency section */

/* Begin PBXVariantGroup section */
		7002027720693DDD00C4E17B /* Main.storyboard */ = {
			isa = PBXVariantGroup;
			children = (
				7002027820693DDD00C4E17B /* Base */,
			);
			name = Main.storyboard;
			sourceTree = "<group>";
		};
		7002027F20693DDD00C4E17B /* LaunchScreen.storyboard */ = {
			isa = PBXVariantGroup;
			children = (
				7002028020693DDD00C4E17B /* Base */,
			);
			name = LaunchScreen.storyboard;
			sourceTree = "<group>";
		};
/* End PBXVariantGroup section */

/* Begin XCBuildConfiguration section */
		7002029920693DDD00C4E17B /* Debug */ = {
			isa = XCBuildConfiguration;
			buildSettings = {
				ALWAYS_SEARCH_USER_PATHS = NO;
				CLANG_ANALYZER_NONNULL = YES;
				CLANG_ANALYZER_NUMBER_OBJECT_CONVERSION = YES_AGGRESSIVE;
				CLANG_CXX_LANGUAGE_STANDARD = "gnu++14";
				CLANG_CXX_LIBRARY = "libc++";
				CLANG_ENABLE_MODULES = YES;
				CLANG_ENABLE_OBJC_ARC = YES;
				CLANG_WARN_BLOCK_CAPTURE_AUTORELEASING = YES;
				CLANG_WARN_BOOL_CONVERSION = YES;
				CLANG_WARN_COMMA = YES;
				CLANG_WARN_CONSTANT_CONVERSION = YES;
				CLANG_WARN_DIRECT_OBJC_ISA_USAGE = YES_ERROR;
				CLANG_WARN_DOCUMENTATION_COMMENTS = YES;
				CLANG_WARN_EMPTY_BODY = YES;
				CLANG_WARN_ENUM_CONVERSION = YES;
				CLANG_WARN_INFINITE_RECURSION = YES;
				CLANG_WARN_INT_CONVERSION = YES;
				CLANG_WARN_NON_LITERAL_NULL_CONVERSION = YES;
				CLANG_WARN_OBJC_LITERAL_CONVERSION = YES;
				CLANG_WARN_OBJC_ROOT_CLASS = YES_ERROR;
				CLANG_WARN_RANGE_LOOP_ANALYSIS = YES;
				CLANG_WARN_STRICT_PROTOTYPES = YES;
				CLANG_WARN_SUSPICIOUS_MOVE = YES;
				CLANG_WARN_UNGUARDED_AVAILABILITY = YES_AGGRESSIVE;
				CLANG_WARN_UNREACHABLE_CODE = YES;
				CLANG_WARN__DUPLICATE_METHOD_MATCH = YES;
				CODE_SIGN_IDENTITY = "iPhone Developer";
				COPY_PHASE_STRIP = NO;
				DEBUG_INFORMATION_FORMAT = dwarf;
				ENABLE_STRICT_OBJC_MSGSEND = YES;
				ENABLE_TESTABILITY = YES;
				GCC_C_LANGUAGE_STANDARD = gnu11;
				GCC_DYNAMIC_NO_PIC = NO;
				GCC_NO_COMMON_BLOCKS = YES;
				GCC_OPTIMIZATION_LEVEL = 0;
				GCC_PREPROCESSOR_DEFINITIONS = (
					"DEBUG=1",
					"$(inherited)",
				);
				GCC_WARN_64_TO_32_BIT_CONVERSION = YES;
				GCC_WARN_ABOUT_RETURN_TYPE = YES_ERROR;
				GCC_WARN_UNDECLARED_SELECTOR = YES;
				GCC_WARN_UNINITIALIZED_AUTOS = YES_AGGRESSIVE;
				GCC_WARN_UNUSED_FUNCTION = YES;
				GCC_WARN_UNUSED_VARIABLE = YES;
				IPHONEOS_DEPLOYMENT_TARGET = 11.2;
				MTL_ENABLE_DEBUG_INFO = YES;
				ONLY_ACTIVE_ARCH = YES;
				SDKROOT = iphoneos;
				SWIFT_ACTIVE_COMPILATION_CONDITIONS = DEBUG;
				SWIFT_OPTIMIZATION_LEVEL = "-Onone";
			};
			name = Debug;
		};
		7002029A20693DDD00C4E17B /* Release */ = {
			isa = XCBuildConfiguration;
			buildSettings = {
				ALWAYS_SEARCH_USER_PATHS = NO;
				CLANG_ANALYZER_NONNULL = YES;
				CLANG_ANALYZER_NUMBER_OBJECT_CONVERSION = YES_AGGRESSIVE;
				CLANG_CXX_LANGUAGE_STANDARD = "gnu++14";
				CLANG_CXX_LIBRARY = "libc++";
				CLANG_ENABLE_MODULES = YES;
				CLANG_ENABLE_OBJC_ARC = YES;
				CLANG_WARN_BLOCK_CAPTURE_AUTORELEASING = YES;
				CLANG_WARN_BOOL_CONVERSION = YES;
				CLANG_WARN_COMMA = YES;
				CLANG_WARN_CONSTANT_CONVERSION = YES;
				CLANG_WARN_DIRECT_OBJC_ISA_USAGE = YES_ERROR;
				CLANG_WARN_DOCUMENTATION_COMMENTS = YES;
				CLANG_WARN_EMPTY_BODY = YES;
				CLANG_WARN_ENUM_CONVERSION = YES;
				CLANG_WARN_INFINITE_RECURSION = YES;
				CLANG_WARN_INT_CONVERSION = YES;
				CLANG_WARN_NON_LITERAL_NULL_CONVERSION = YES;
				CLANG_WARN_OBJC_LITERAL_CONVERSION = YES;
				CLANG_WARN_OBJC_ROOT_CLASS = YES_ERROR;
				CLANG_WARN_RANGE_LOOP_ANALYSIS = YES;
				CLANG_WARN_STRICT_PROTOTYPES = YES;
				CLANG_WARN_SUSPICIOUS_MOVE = YES;
				CLANG_WARN_UNGUARDED_AVAILABILITY = YES_AGGRESSIVE;
				CLANG_WARN_UNREACHABLE_CODE = YES;
				CLANG_WARN__DUPLICATE_METHOD_MATCH = YES;
				CODE_SIGN_IDENTITY = "iPhone Developer";
				COPY_PHASE_STRIP = NO;
				DEBUG_INFORMATION_FORMAT = "dwarf-with-dsym";
				ENABLE_NS_ASSERTIONS = NO;
				ENABLE_STRICT_OBJC_MSGSEND = YES;
				GCC_C_LANGUAGE_STANDARD = gnu11;
				GCC_NO_COMMON_BLOCKS = YES;
				GCC_WARN_64_TO_32_BIT_CONVERSION = YES;
				GCC_WARN_ABOUT_RETURN_TYPE = YES_ERROR;
				GCC_WARN_UNDECLARED_SELECTOR = YES;
				GCC_WARN_UNINITIALIZED_AUTOS = YES_AGGRESSIVE;
				GCC_WARN_UNUSED_FUNCTION = YES;
				GCC_WARN_UNUSED_VARIABLE = YES;
				IPHONEOS_DEPLOYMENT_TARGET = 11.2;
				MTL_ENABLE_DEBUG_INFO = NO;
				SDKROOT = iphoneos;
				SWIFT_OPTIMIZATION_LEVEL = "-Owholemodule";
				VALIDATE_PRODUCT = YES;
			};
			name = Release;
		};
		7002029C20693DDD00C4E17B /* Debug */ = {
			isa = XCBuildConfiguration;
			buildSettings = {
				ASSETCATALOG_COMPILER_APPICON_NAME = AppIcon;
				CODE_SIGN_STYLE = Automatic;
				DEVELOPMENT_TEAM = 4CRCLH9JW9;
				INFOPLIST_FILE = MemoryGame/Info.plist;
				LD_RUNPATH_SEARCH_PATHS = "$(inherited) @executable_path/Frameworks";
				PRODUCT_BUNDLE_IDENTIFIER = com.assaftayouri.sapirkaplan.MemoryGame;
				PRODUCT_NAME = "$(TARGET_NAME)";
				SWIFT_VERSION = 4.0;
				TARGETED_DEVICE_FAMILY = "1,2";
			};
			name = Debug;
		};
		7002029D20693DDD00C4E17B /* Release */ = {
			isa = XCBuildConfiguration;
			buildSettings = {
				ASSETCATALOG_COMPILER_APPICON_NAME = AppIcon;
				CODE_SIGN_STYLE = Automatic;
				DEVELOPMENT_TEAM = 4CRCLH9JW9;
				INFOPLIST_FILE = MemoryGame/Info.plist;
				LD_RUNPATH_SEARCH_PATHS = "$(inherited) @executable_path/Frameworks";
				PRODUCT_BUNDLE_IDENTIFIER = com.assaftayouri.sapirkaplan.MemoryGame;
				PRODUCT_NAME = "$(TARGET_NAME)";
				SWIFT_VERSION = 4.0;
				TARGETED_DEVICE_FAMILY = "1,2";
			};
			name = Release;
		};
		7002029F20693DDD00C4E17B /* Debug */ = {
			isa = XCBuildConfiguration;
			buildSettings = {
				ALWAYS_EMBED_SWIFT_STANDARD_LIBRARIES = YES;
				BUNDLE_LOADER = "$(TEST_HOST)";
				CODE_SIGN_STYLE = Automatic;
				INFOPLIST_FILE = MemoryGameTests/Info.plist;
				LD_RUNPATH_SEARCH_PATHS = "$(inherited) @executable_path/Frameworks @loader_path/Frameworks";
				PRODUCT_BUNDLE_IDENTIFIER = com.assaftayouri.MemoryGameTests;
				PRODUCT_NAME = "$(TARGET_NAME)";
				SWIFT_VERSION = 4.0;
				TARGETED_DEVICE_FAMILY = "1,2";
				TEST_HOST = "$(BUILT_PRODUCTS_DIR)/MemoryGame.app/MemoryGame";
			};
			name = Debug;
		};
		700202A020693DDD00C4E17B /* Release */ = {
			isa = XCBuildConfiguration;
			buildSettings = {
				ALWAYS_EMBED_SWIFT_STANDARD_LIBRARIES = YES;
				BUNDLE_LOADER = "$(TEST_HOST)";
				CODE_SIGN_STYLE = Automatic;
				INFOPLIST_FILE = MemoryGameTests/Info.plist;
				LD_RUNPATH_SEARCH_PATHS = "$(inherited) @executable_path/Frameworks @loader_path/Frameworks";
				PRODUCT_BUNDLE_IDENTIFIER = com.assaftayouri.MemoryGameTests;
				PRODUCT_NAME = "$(TARGET_NAME)";
				SWIFT_VERSION = 4.0;
				TARGETED_DEVICE_FAMILY = "1,2";
				TEST_HOST = "$(BUILT_PRODUCTS_DIR)/MemoryGame.app/MemoryGame";
			};
			name = Release;
		};
		700202A220693DDD00C4E17B /* Debug */ = {
			isa = XCBuildConfiguration;
			buildSettings = {
				ALWAYS_EMBED_SWIFT_STANDARD_LIBRARIES = YES;
				CODE_SIGN_STYLE = Automatic;
				INFOPLIST_FILE = MemoryGameUITests/Info.plist;
				LD_RUNPATH_SEARCH_PATHS = "$(inherited) @executable_path/Frameworks @loader_path/Frameworks";
				PRODUCT_BUNDLE_IDENTIFIER = com.assaftayouri.MemoryGameUITests;
				PRODUCT_NAME = "$(TARGET_NAME)";
				SWIFT_VERSION = 4.0;
				TARGETED_DEVICE_FAMILY = "1,2";
				TEST_TARGET_NAME = MemoryGame;
			};
			name = Debug;
		};
		700202A320693DDD00C4E17B /* Release */ = {
			isa = XCBuildConfiguration;
			buildSettings = {
				ALWAYS_EMBED_SWIFT_STANDARD_LIBRARIES = YES;
				CODE_SIGN_STYLE = Automatic;
				INFOPLIST_FILE = MemoryGameUITests/Info.plist;
				LD_RUNPATH_SEARCH_PATHS = "$(inherited) @executable_path/Frameworks @loader_path/Frameworks";
				PRODUCT_BUNDLE_IDENTIFIER = com.assaftayouri.MemoryGameUITests;
				PRODUCT_NAME = "$(TARGET_NAME)";
				SWIFT_VERSION = 4.0;
				TARGETED_DEVICE_FAMILY = "1,2";
				TEST_TARGET_NAME = MemoryGame;
			};
			name = Release;
		};
/* End XCBuildConfiguration section */

/* Begin XCConfigurationList section */
		7002026B20693DDD00C4E17B /* Build configuration list for PBXProject "MemoryGame" */ = {
			isa = XCConfigurationList;
			buildConfigurations = (
				7002029920693DDD00C4E17B /* Debug */,
				7002029A20693DDD00C4E17B /* Release */,
			);
			defaultConfigurationIsVisible = 0;
			defaultConfigurationName = Release;
		};
		7002029B20693DDD00C4E17B /* Build configuration list for PBXNativeTarget "MemoryGame" */ = {
			isa = XCConfigurationList;
			buildConfigurations = (
				7002029C20693DDD00C4E17B /* Debug */,
				7002029D20693DDD00C4E17B /* Release */,
			);
			defaultConfigurationIsVisible = 0;
			defaultConfigurationName = Release;
		};
		7002029E20693DDD00C4E17B /* Build configuration list for PBXNativeTarget "MemoryGameTests" */ = {
			isa = XCConfigurationList;
			buildConfigurations = (
				7002029F20693DDD00C4E17B /* Debug */,
				700202A020693DDD00C4E17B /* Release */,
			);
			defaultConfigurationIsVisible = 0;
			defaultConfigurationName = Release;
		};
		700202A120693DDD00C4E17B /* Build configuration list for PBXNativeTarget "MemoryGameUITests" */ = {
			isa = XCConfigurationList;
			buildConfigurations = (
				700202A220693DDD00C4E17B /* Debug */,
				700202A320693DDD00C4E17B /* Release */,
			);
			defaultConfigurationIsVisible = 0;
			defaultConfigurationName = Release;
		};
/* End XCConfigurationList section */

/* Begin XCVersionGroup section */
		7002027A20693DDD00C4E17B /* MemoryGame.xcdatamodeld */ = {
			isa = XCVersionGroup;
			children = (
				7002027B20693DDD00C4E17B /* MemoryGame.xcdatamodel */,
			);
			currentVersion = 7002027B20693DDD00C4E17B /* MemoryGame.xcdatamodel */;
			path = MemoryGame.xcdatamodeld;
			sourceTree = "<group>";
			versionGroupType = wrapper.xcdatamodel;
		};
/* End XCVersionGroup section */
	};
	rootObject = 7002026820693DDD00C4E17B /* Project object */;
}
